
Microsoft Visual Studio Solution File, Format Version 12.00
# Visual Studio Version 16
VisualStudioVersion = 16.0.32630.194
MinimumVisualStudioVersion = 10.0.40219.1
Project("{FAE04EC0-301F-11D3-BF4B-00C04F79EFBC}") = "MyPower", "MyPower.csproj", "{08F24F33-2FDF-4ADC-977F-31D7B82E870A}"
EndProject
Project("{FAE04EC0-301F-11D3-BF4B-00C04F79EFBC}") = "MyPowerTest", "..\MyPowerTest\MyPowerTest.csproj", "{A3BBF8F1-DDBC-4D7F-9BD4-833665892AD9}"
EndProject
Global
	GlobalSection(SolutionConfigurationPlatforms) = preSolution
		Debug|Any CPU = Debug|Any CPU
		Release|Any CPU = Release|Any CPU
	EndGlobalSection
	GlobalSection(ProjectConfigurationPlatforms) = postSolution
		{08F24F33-2FDF-4ADC-977F-31D7B82E870A}.Debug|Any CPU.ActiveCfg = Debug|Any CPU
		{08F24F33-2FDF-4ADC-977F-31D7B82E870A}.Debug|Any CPU.Build.0 = Debug|Any CPU
		{08F24F33-2FDF-4ADC-977F-31D7B82E870A}.Release|Any CPU.ActiveCfg = Release|Any CPU
		{08F24F33-2FDF-4ADC-977F-31D7B82E870A}.Release|Any CPU.Build.0 = Release|Any CPU
		{A3BBF8F1-DDBC-4D7F-9BD4-833665892AD9}.Debug|Any CPU.ActiveCfg = Debug|Any CPU
		{A3BBF8F1-DDBC-4D7F-9BD4-833665892AD9}.Debug|Any CPU.Build.0 = Debug|Any CPU
		{A3BBF8F1-DDBC-4D7F-9BD4-833665892AD9}.Release|Any CPU.ActiveCfg = Release|Any CPU
		{A3BBF8F1-DDBC-4D7F-9BD4-833665892AD9}.Release|Any CPU.Build.0 = Release|Any CPU
	EndGlobalSection
	GlobalSection(SolutionProperties) = preSolution
		HideSolutionNode = FALSE
	EndGlobalSection
	GlobalSection(ExtensibilityGlobals) = postSolution
		SolutionGuid = {B5C1800B-3B5C-4B41-830F-8E71432BBCB2}
	EndGlobalSection
EndGlobal
